{
    "_readme": [
        "This file locks the dependencies of your project to a known state",
        "Read more about it at https://getcomposer.org/doc/01-basic-usage.md#composer-lock-the-lock-file",
        "This file is @generated automatically"
    ],
    "hash": "206c4715bab9790460382d17c264054b",
    "content-hash": "b92047e2842c789351a4a804fb1a8e7b",
    "packages": [
        {
            "name": "fxp/composer-asset-plugin",
            "version": "v1.1.2",
            "source": {
                "type": "git",
                "url": "https://github.com/francoispluchino/composer-asset-plugin.git",
                "reference": "bae7a15712e9339a2439aeca3b7c5ecf65b087d1"
            },
            "dist": {
                "type": "zip",
                "url": "https://api.github.com/repos/francoispluchino/composer-asset-plugin/zipball/bae7a15712e9339a2439aeca3b7c5ecf65b087d1",
                "reference": "bae7a15712e9339a2439aeca3b7c5ecf65b087d1",
                "shasum": ""
            },
            "require": {
                "composer-plugin-api": "^1.0",
                "php": ">=5.3.3"
            },
            "require-dev": {
                "composer/composer": "~1.0@dev"
            },
            "type": "composer-plugin",
            "extra": {
                "class": "Fxp\\Composer\\AssetPlugin\\FxpAssetPlugin",
                "branch-alias": {
                    "dev-master": "1.1-dev"
                }
            },
            "autoload": {
                "psr-4": {
                    "Fxp\\Composer\\AssetPlugin\\": ""
                }
            },
            "notification-url": "https://packagist.org/downloads/",
            "license": [
                "MIT"
            ],
            "authors": [
                {
                    "name": "François Pluchino",
                    "email": "francois.pluchino@gmail.com"
                }
            ],
            "description": "NPM/Bower Dependency Manager for Composer",
            "homepage": "https://github.com/francoispluchino/composer-asset-plugin",
            "keywords": [
                "asset",
                "bower",
                "composer",
                "dependency manager",
                "nodejs",
                "npm",
                "package"
            ],
            "time": "2016-02-25 16:35:08"
        }
    ],
    "packages-dev": [],
    "aliases": [],
    "minimum-stability": "stable",
    "stability-flags": [],
    "prefer-stable": false,
    "prefer-lowest": false,
    "platform": [],
    "platform-dev": []
}
